
Microsoft Visual Studio Solution File, Format Version 11.00
# Visual Studio 2010
Project("{8BC9CEB8-8B4A-11D0-8D11-00A0C91BC942}") = "cairo", "cairo.vcxproj", "{55B6DC50-F887-4765-8A56-6E98E60461AB}"
EndProject
Project("{8BC9CEB8-8B4A-11D0-8D11-00A0C91BC942}") = "cairo-gobject", "cairo-gobject.vcxproj", "{E6933C13-F3FC-4D92-80BF-F9253F25AD77}"
EndProject
Project("{8BC9CEB8-8B4A-11D0-8D11-00A0C91BC942}") = "install", "install.vcxproj", "{2093D218-190E-4194-9421-3BA7CBF33B10}"
	ProjectSection(ProjectDependencies) = postProject
		{E6933C13-F3FC-4D92-80BF-F9253F25AD77} = {E6933C13-F3FC-4D92-80BF-F9253F25AD77}
	EndProjectSection
EndProject
Global
	GlobalSection(SolutionConfigurationPlatforms) = preSolution
		Debug_FC_GL|Win32 = Debug_FC_GL|Win32
		Debug_FC_GL|x64 = Debug_FC_GL|x64
		Debug_FC|Win32 = Debug_FC|Win32
		Debug_FC|x64 = Debug_FC|x64
		Debug_FT_GL|Win32 = Debug_FT_GL|Win32
		Debug_FT_GL|x64 = Debug_FT_GL|x64
		Debug_FT|Win32 = Debug_FT|Win32
		Debug_FT|x64 = Debug_FT|x64
		Debug_GL|Win32 = Debug_GL|Win32
		Debug_GL|x64 = Debug_GL|x64
		Debug|Win32 = Debug|Win32
		Debug|x64 = Debug|x64
		Release_FC_GL|Win32 = Release_FC_GL|Win32
		Release_FC_GL|x64 = Release_FC_GL|x64
		Release_FC|Win32 = Release_FC|Win32
		Release_FC|x64 = Release_FC|x64
		Release_FT_GL|Win32 = Release_FT_GL|Win32
		Release_FT_GL|x64 = Release_FT_GL|x64
		Release_FT|Win32 = Release_FT|Win32
		Release_FT|x64 = Release_FT|x64
		Release_GL|Win32 = Release_GL|Win32
		Release_GL|x64 = Release_GL|x64
		Release|Win32 = Release|Win32
		Release|x64 = Release|x64
	EndGlobalSection
	GlobalSection(ProjectConfigurationPlatforms) = postSolution
		{55B6DC50-F887-4765-8A56-6E98E60461AB}.Debug_FC_GL|Win32.ActiveCfg = Debug_FC_GL|Win32
		{55B6DC50-F887-4765-8A56-6E98E60461AB}.Debug_FC_GL|Win32.Build.0 = Debug_FC_GL|Win32
		{55B6DC50-F887-4765-8A56-6E98E60461AB}.Debug_FC_GL|x64.ActiveCfg = Debug_FC_GL|x64
		{55B6DC50-F887-4765-8A56-6E98E60461AB}.Debug_FC_GL|x64.Build.0 = Debug_FC_GL|x64
		{55B6DC50-F887-4765-8A56-6E98E60461AB}.Debug_FC|Win32.ActiveCfg = Debug_FC|Win32
		{55B6DC50-F887-4765-8A56-6E98E60461AB}.Debug_FC|Win32.Build.0 = Debug_FC|Win32
		{55B6DC50-F887-4765-8A56-6E98E60461AB}.Debug_FC|x64.ActiveCfg = Debug_FC|x64
		{55B6DC50-F887-4765-8A56-6E98E60461AB}.Debug_FC|x64.Build.0 = Debug_FC|x64
		{55B6DC50-F887-4765-8A56-6E98E60461AB}.Debug_FT_GL|Win32.ActiveCfg = Debug_FT_GL|Win32
		{55B6DC50-F887-4765-8A56-6E98E60461AB}.Debug_FT_GL|Win32.Build.0 = Debug_FT_GL|Win32
		{55B6DC50-F887-4765-8A56-6E98E60461AB}.Debug_FT_GL|x64.ActiveCfg = Debug_FT_GL|x64
		{55B6DC50-F887-4765-8A56-6E98E60461AB}.Debug_FT_GL|x64.Build.0 = Debug_FT_GL|x64
		{55B6DC50-F887-4765-8A56-6E98E60461AB}.Debug_FT|Win32.ActiveCfg = Debug_FT|Win32
		{55B6DC50-F887-4765-8A56-6E98E60461AB}.Debug_FT|Win32.Build.0 = Debug_FT|Win32
		{55B6DC50-F887-4765-8A56-6E98E60461AB}.Debug_FT|x64.ActiveCfg = Debug_FT|x64
		{55B6DC50-F887-4765-8A56-6E98E60461AB}.Debug_FT|x64.Build.0 = Debug_FT|x64
		{55B6DC50-F887-4765-8A56-6E98E60461AB}.Debug_GL|Win32.ActiveCfg = Debug_GL|Win32
		{55B6DC50-F887-4765-8A56-6E98E60461AB}.Debug_GL|Win32.Build.0 = Debug_GL|Win32
		{55B6DC50-F887-4765-8A56-6E98E60461AB}.Debug_GL|x64.ActiveCfg = Debug_GL|x64
		{55B6DC50-F887-4765-8A56-6E98E60461AB}.Debug_GL|x64.Build.0 = Debug_GL|x64
		{55B6DC50-F887-4765-8A56-6E98E60461AB}.Debug|Win32.ActiveCfg = Debug|Win32
		{55B6DC50-F887-4765-8A56-6E98E60461AB}.Debug|Win32.Build.0 = Debug|Win32
		{55B6DC50-F887-4765-8A56-6E98E60461AB}.Debug|x64.ActiveCfg = Debug|x64
		{55B6DC50-F887-4765-8A56-6E98E60461AB}.Debug|x64.Build.0 = Debug|x64
		{55B6DC50-F887-4765-8A56-6E98E60461AB}.Release_FC_GL|Win32.ActiveCfg = Release_FC_GL|Win32
		{55B6DC50-F887-4765-8A56-6E98E60461AB}.Release_FC_GL|Win32.Build.0 = Release_FC_GL|Win32
		{55B6DC50-F887-4765-8A56-6E98E60461AB}.Release_FC_GL|x64.ActiveCfg = Release_FC_GL|x64
		{55B6DC50-F887-4765-8A56-6E98E60461AB}.Release_FC_GL|x64.Build.0 = Release_FC_GL|x64
		{55B6DC50-F887-4765-8A56-6E98E60461AB}.Release_FC|Win32.ActiveCfg = Release_FC|Win32
		{55B6DC50-F887-4765-8A56-6E98E60461AB}.Release_FC|Win32.Build.0 = Release_FC|Win32
		{55B6DC50-F887-4765-8A56-6E98E60461AB}.Release_FC|x64.ActiveCfg = Release_FC|x64
		{55B6DC50-F887-4765-8A56-6E98E60461AB}.Release_FC|x64.Build.0 = Release_FC|x64
		{55B6DC50-F887-4765-8A56-6E98E60461AB}.Release_FT_GL|Win32.ActiveCfg = Release_FT_GL|Win32
		{55B6DC50-F887-4765-8A56-6E98E60461AB}.Release_FT_GL|Win32.Build.0 = Release_FT_GL|Win32
		{55B6DC50-F887-4765-8A56-6E98E60461AB}.Release_FT_GL|x64.ActiveCfg = Release_FT_GL|x64
		{55B6DC50-F887-4765-8A56-6E98E60461AB}.Release_FT_GL|x64.Build.0 = Release_FT_GL|x64
		{55B6DC50-F887-4765-8A56-6E98E60461AB}.Release_FT|Win32.ActiveCfg = Release_FT|Win32
		{55B6DC50-F887-4765-8A56-6E98E60461AB}.Release_FT|Win32.Build.0 = Release_FT|Win32
		{55B6DC50-F887-4765-8A56-6E98E60461AB}.Release_FT|x64.ActiveCfg = Release_FT|x64
		{55B6DC50-F887-4765-8A56-6E98E60461AB}.Release_FT|x64.Build.0 = Release_FT|x64
		{55B6DC50-F887-4765-8A56-6E98E60461AB}.Release_GL|Win32.ActiveCfg = Release_GL|Win32
		{55B6DC50-F887-4765-8A56-6E98E60461AB}.Release_GL|Win32.Build.0 = Release_GL|Win32
		{55B6DC50-F887-4765-8A56-6E98E60461AB}.Release_GL|x64.ActiveCfg = Release_GL|x64
		{55B6DC50-F887-4765-8A56-6E98E60461AB}.Release_GL|x64.Build.0 = Release_GL|x64
		{55B6DC50-F887-4765-8A56-6E98E60461AB}.Release|Win32.ActiveCfg = Release|Win32
		{55B6DC50-F887-4765-8A56-6E98E60461AB}.Release|Win32.Build.0 = Release|Win32
		{55B6DC50-F887-4765-8A56-6E98E60461AB}.Release|x64.ActiveCfg = Release|x64
		{55B6DC50-F887-4765-8A56-6E98E60461AB}.Release|x64.Build.0 = Release|x64
		{E6933C13-F3FC-4D92-80BF-F9253F25AD77}.Debug_FC_GL|Win32.ActiveCfg = Debug_FC_GL|Win32
		{E6933C13-F3FC-4D92-80BF-F9253F25AD77}.Debug_FC_GL|x64.ActiveCfg = Debug_FC_GL|x64
		{E6933C13-F3FC-4D92-80BF-F9253F25AD77}.Debug_FC_GL|x64.Build.0 = Debug_FC_GL|x64
		{E6933C13-F3FC-4D92-80BF-F9253F25AD77}.Debug_FC|Win32.ActiveCfg = Debug_FC|Win32
		{E6933C13-F3FC-4D92-80BF-F9253F25AD77}.Debug_FC|x64.ActiveCfg = Debug_FC|x64
		{E6933C13-F3FC-4D92-80BF-F9253F25AD77}.Debug_FC|x64.Build.0 = Debug_FC|x64
		{E6933C13-F3FC-4D92-80BF-F9253F25AD77}.Debug_FT_GL|Win32.ActiveCfg = Debug_FT_GL|Win32
		{E6933C13-F3FC-4D92-80BF-F9253F25AD77}.Debug_FT_GL|x64.ActiveCfg = Debug_FT_GL|x64
		{E6933C13-F3FC-4D92-80BF-F9253F25AD77}.Debug_FT_GL|x64.Build.0 = Debug_FT_GL|x64
		{E6933C13-F3FC-4D92-80BF-F9253F25AD77}.Debug_FT|Win32.ActiveCfg = Debug_FT|Win32
		{E6933C13-F3FC-4D92-80BF-F9253F25AD77}.Debug_FT|x64.ActiveCfg = Debug_FT|x64
		{E6933C13-F3FC-4D92-80BF-F9253F25AD77}.Debug_FT|x64.Build.0 = Debug_FT|x64
		{E6933C13-F3FC-4D92-80BF-F9253F25AD77}.Debug_GL|Win32.ActiveCfg = Debug_GL|Win32
		{E6933C13-F3FC-4D92-80BF-F9253F25AD77}.Debug_GL|x64.ActiveCfg = Debug_GL|x64
		{E6933C13-F3FC-4D92-80BF-F9253F25AD77}.Debug_GL|x64.Build.0 = Debug_GL|x64
		{E6933C13-F3FC-4D92-80BF-F9253F25AD77}.Debug|Win32.ActiveCfg = Debug|Win32
		{E6933C13-F3FC-4D92-80BF-F9253F25AD77}.Debug|x64.ActiveCfg = Debug|x64
		{E6933C13-F3FC-4D92-80BF-F9253F25AD77}.Debug|x64.Build.0 = Debug|x64
		{E6933C13-F3FC-4D92-80BF-F9253F25AD77}.Release_FC_GL|Win32.ActiveCfg = Release_FC_GL|Win32
		{E6933C13-F3FC-4D92-80BF-F9253F25AD77}.Release_FC_GL|x64.ActiveCfg = Release_FC_GL|x64
		{E6933C13-F3FC-4D92-80BF-F9253F25AD77}.Release_FC_GL|x64.Build.0 = Release_FC_GL|x64
		{E6933C13-F3FC-4D92-80BF-F9253F25AD77}.Release_FC|Win32.ActiveCfg = Release_FC|Win32
		{E6933C13-F3FC-4D92-80BF-F9253F25AD77}.Release_FC|Win32.Build.0 = Release_FC|Win32
		{E6933C13-F3FC-4D92-80BF-F9253F25AD77}.Release_FC|x64.ActiveCfg = Release_FC|x64
		{E6933C13-F3FC-4D92-80BF-F9253F25AD77}.Release_FC|x64.Build.0 = Release_FC|x64
		{E6933C13-F3FC-4D92-80BF-F9253F25AD77}.Release_FT_GL|Win32.ActiveCfg = Release_FT_GL|Win32
		{E6933C13-F3FC-4D92-80BF-F9253F25AD77}.Release_FT_GL|x64.ActiveCfg = Release_FT_GL|x64
		{E6933C13-F3FC-4D92-80BF-F9253F25AD77}.Release_FT_GL|x64.Build.0 = Release_FT_GL|x64
		{E6933C13-F3FC-4D92-80BF-F9253F25AD77}.Release_FT|Win32.ActiveCfg = Release_FT|Win32
		{E6933C13-F3FC-4D92-80BF-F9253F25AD77}.Release_FT|x64.ActiveCfg = Release_FT|x64
		{E6933C13-F3FC-4D92-80BF-F9253F25AD77}.Release_FT|x64.Build.0 = Release_FT|x64
		{E6933C13-F3FC-4D92-80BF-F9253F25AD77}.Release_GL|Win32.ActiveCfg = Release_GL|Win32
		{E6933C13-F3FC-4D92-80BF-F9253F25AD77}.Release_GL|x64.ActiveCfg = Release_GL|x64
		{E6933C13-F3FC-4D92-80BF-F9253F25AD77}.Release_GL|x64.Build.0 = Release_GL|x64
		{E6933C13-F3FC-4D92-80BF-F9253F25AD77}.Release|Win32.ActiveCfg = Release|Win32
		{E6933C13-F3FC-4D92-80BF-F9253F25AD77}.Release|x64.ActiveCfg = Release|x64
		{E6933C13-F3FC-4D92-80BF-F9253F25AD77}.Release|x64.Build.0 = Release|x64
		{2093D218-190E-4194-9421-3BA7CBF33B10}.Debug_FC_GL|Win32.ActiveCfg = Debug_FC_GL|Win32
		{2093D218-190E-4194-9421-3BA7CBF33B10}.Debug_FC_GL|x64.ActiveCfg = Debug_FC_GL|x64
		{2093D218-190E-4194-9421-3BA7CBF33B10}.Debug_FC_GL|x64.Build.0 = Debug_FC_GL|x64
		{2093D218-190E-4194-9421-3BA7CBF33B10}.Debug_FC|Win32.ActiveCfg = Debug_FC|Win32
		{2093D218-190E-4194-9421-3BA7CBF33B10}.Debug_FC|x64.ActiveCfg = Debug_FC|x64
		{2093D218-190E-4194-9421-3BA7CBF33B10}.Debug_FC|x64.Build.0 = Debug_FC|x64
		{2093D218-190E-4194-9421-3BA7CBF33B10}.Debug_FT_GL|Win32.ActiveCfg = Debug_FT_GL|Win32
		{2093D218-190E-4194-9421-3BA7CBF33B10}.Debug_FT_GL|x64.ActiveCfg = Debug_FT_GL|x64
		{2093D218-190E-4194-9421-3BA7CBF33B10}.Debug_FT_GL|x64.Build.0 = Debug_FT_GL|x64
		{2093D218-190E-4194-9421-3BA7CBF33B10}.Debug_FT|Win32.ActiveCfg = Debug_FT|Win32
		{2093D218-190E-4194-9421-3BA7CBF33B10}.Debug_FT|x64.ActiveCfg = Debug_FT|x64
		{2093D218-190E-4194-9421-3BA7CBF33B10}.Debug_FT|x64.Build.0 = Debug_FT|x64
		{2093D218-190E-4194-9421-3BA7CBF33B10}.Debug_GL|Win32.ActiveCfg = Debug_GL|Win32
		{2093D218-190E-4194-9421-3BA7CBF33B10}.Debug_GL|x64.ActiveCfg = Debug_GL|x64
		{2093D218-190E-4194-9421-3BA7CBF33B10}.Debug_GL|x64.Build.0 = Debug_GL|x64
		{2093D218-190E-4194-9421-3BA7CBF33B10}.Debug|Win32.ActiveCfg = Debug|Win32
		{2093D218-190E-4194-9421-3BA7CBF33B10}.Debug|x64.ActiveCfg = Debug|x64
		{2093D218-190E-4194-9421-3BA7CBF33B10}.Debug|x64.Build.0 = Debug|x64
		{2093D218-190E-4194-9421-3BA7CBF33B10}.Release_FC_GL|Win32.ActiveCfg = Release_FC_GL|Win32
		{2093D218-190E-4194-9421-3BA7CBF33B10}.Release_FC_GL|x64.ActiveCfg = Release_FC_GL|x64
		{2093D218-190E-4194-9421-3BA7CBF33B10}.Release_FC_GL|x64.Build.0 = Release_FC_GL|x64
		{2093D218-190E-4194-9421-3BA7CBF33B10}.Release_FC|Win32.ActiveCfg = Release_FC|Win32
		{2093D218-190E-4194-9421-3BA7CBF33B10}.Release_FC|Win32.Build.0 = Release_FC|Win32
		{2093D218-190E-4194-9421-3BA7CBF33B10}.Release_FC|x64.ActiveCfg = Release_FC|x64
		{2093D218-190E-4194-9421-3BA7CBF33B10}.Release_FC|x64.Build.0 = Release_FC|x64
		{2093D218-190E-4194-9421-3BA7CBF33B10}.Release_FT_GL|Win32.ActiveCfg = Release_FT_GL|Win32
		{2093D218-190E-4194-9421-3BA7CBF33B10}.Release_FT_GL|x64.ActiveCfg = Release_FT_GL|x64
		{2093D218-190E-4194-9421-3BA7CBF33B10}.Release_FT_GL|x64.Build.0 = Release_FT_GL|x64
		{2093D218-190E-4194-9421-3BA7CBF33B10}.Release_FT|Win32.ActiveCfg = Release_FT|Win32
		{2093D218-190E-4194-9421-3BA7CBF33B10}.Release_FT|x64.ActiveCfg = Release_FT|x64
		{2093D218-190E-4194-9421-3BA7CBF33B10}.Release_FT|x64.Build.0 = Release_FT|x64
		{2093D218-190E-4194-9421-3BA7CBF33B10}.Release_GL|Win32.ActiveCfg = Release_GL|Win32
		{2093D218-190E-4194-9421-3BA7CBF33B10}.Release_GL|x64.ActiveCfg = Release_GL|x64
		{2093D218-190E-4194-9421-3BA7CBF33B10}.Release_GL|x64.Build.0 = Release_GL|x64
		{2093D218-190E-4194-9421-3BA7CBF33B10}.Release|Win32.ActiveCfg = Release|Win32
		{2093D218-190E-4194-9421-3BA7CBF33B10}.Release|x64.ActiveCfg = Release|x64
		{2093D218-190E-4194-9421-3BA7CBF33B10}.Release|x64.Build.0 = Release|x64
	EndGlobalSection
	GlobalSection(SolutionProperties) = preSolution
		HideSolutionNode = FALSE
	EndGlobalSection
EndGlobal
