Microsoft Visual Studio Solution File, Format Version 13.00
# Visual Studio 2013
Project("{8BC9CEB8-8B4A-11D0-8D11-00A0C91BC942}") = "glibmm", "glibmm.vcxproj", "{58B2B53C-C4FF-47FD-817B-095E45B7F7D4}"
EndProject
Project("{8BC9CEB8-8B4A-11D0-8D11-00A0C91BC942}") = "gendef", "gendef.vcxproj", "{07324745-C9BE-4D65-B08A-9C88188C0C28}"
EndProject
Project("{8BC9CEB8-8B4A-11D0-8D11-00A0C91BC942}") = "markup", "markup.vcxproj", "{6300FCFA-97F1-4967-802E-E354D95DB0EB}"
EndProject
Project("{8BC9CEB8-8B4A-11D0-8D11-00A0C91BC942}") = "glibmm_value", "glibmm_value.vcxproj", "{22277003-3228-486E-A6A8-994B8B13AF30}"
EndProject
Project("{8BC9CEB8-8B4A-11D0-8D11-00A0C91BC942}") = "thread", "thread.vcxproj", "{5357AB2B-A5F9-463C-92D8-00357CCC3ECE}"
EndProject
Project("{8BC9CEB8-8B4A-11D0-8D11-00A0C91BC942}") = "threadpool", "threadpool.vcxproj", "{962484DB-2111-48A4-BEF0-194433719D0D}"
EndProject
Project("{8BC9CEB8-8B4A-11D0-8D11-00A0C91BC942}") = "dispatcher", "dispatcher.vcxproj", "{129ECC08-6D30-4884-B824-4AF96EF0A45C}"
EndProject
Project("{8BC9CEB8-8B4A-11D0-8D11-00A0C91BC942}") = "dispatcher2", "dispatcher2.vcxproj", "{18A82706-B645-4DF5-AB09-06B90128BAC5}"
EndProject
Project("{8BC9CEB8-8B4A-11D0-8D11-00A0C91BC942}") = "options", "options.vcxproj", "{46962B9A-C5E9-4863-9408-97514D63F420}"
EndProject
Project("{8BC9CEB8-8B4A-11D0-8D11-00A0C91BC942}") = "giomm", "giomm.vcxproj", "{EE6C0430-C2C9-425C-8EBA-963FAC3E9832}"
EndProject
Project("{8BC9CEB8-8B4A-11D0-8D11-00A0C91BC942}") = "giomm_simple", "giomm_simple.vcxproj", "{F4F66980-51D4-4CC2-A529-9AD2C9F7D143}"
EndProject
Project("{8BC9CEB8-8B4A-11D0-8D11-00A0C91BC942}") = "keyfile", "keyfile.vcxproj", "{569A24AB-8D81-4427-B40D-85485AA7F3CD}"
EndProject
Project("{8BC9CEB8-8B4A-11D0-8D11-00A0C91BC942}") = "properties", "properties.vcxproj", "{206CC821-8BE3-4455-B09E-63F93E30F20C}"
EndProject
Project("{8BC9CEB8-8B4A-11D0-8D11-00A0C91BC942}") = "regex", "regex.vcxproj", "{7374A5A1-4E74-44BD-918C-FDF80B97FA3F}"
EndProject
Project("{8BC9CEB8-8B4A-11D0-8D11-00A0C91BC942}") = "resolver", "resolver.vcxproj", "{E4D320F1-7D2D-43AF-874F-14524220EF92}"
EndProject
Project("{8BC9CEB8-8B4A-11D0-8D11-00A0C91BC942}") = "socket-client", "socket-client.vcxproj", "{1E38D900-90AC-4E18-B34C-7B08E3383087}"
EndProject
Project("{8BC9CEB8-8B4A-11D0-8D11-00A0C91BC942}") = "socket-server", "socket-server.vcxproj", "{7A4EB8C4-4784-4E9E-96E6-CA6FF4CE1D20}"
EndProject
Project("{8BC9CEB8-8B4A-11D0-8D11-00A0C91BC942}") = "compose", "compose.vcxproj", "{D1C74410-023C-48DE-B636-E8B6D177C306}"
EndProject
Project("{8BC9CEB8-8B4A-11D0-8D11-00A0C91BC942}") = "install", "install.vcxproj", "{2093D218-190E-4194-9421-3BA7CBF33B10}"
EndProject
Global
	GlobalSection(SolutionConfigurationPlatforms) = preSolution
		Debug|Win32 = Debug|Win32
		Debug|x64 = Debug|x64
		Release|Win32 = Release|Win32
		Release|x64 = Release|x64
	EndGlobalSection
	GlobalSection(ProjectConfigurationPlatforms) = postSolution
		{58B2B53C-C4FF-47FD-817B-095E45B7F7D4}.Debug|Win32.ActiveCfg = Debug|Win32
		{58B2B53C-C4FF-47FD-817B-095E45B7F7D4}.Debug|Win32.Build.0 = Debug|Win32
		{58B2B53C-C4FF-47FD-817B-095E45B7F7D4}.Debug|x64.ActiveCfg = Debug|x64
		{58B2B53C-C4FF-47FD-817B-095E45B7F7D4}.Debug|x64.Build.0 = Debug|x64
		{58B2B53C-C4FF-47FD-817B-095E45B7F7D4}.Release|Win32.ActiveCfg = Release|Win32
		{58B2B53C-C4FF-47FD-817B-095E45B7F7D4}.Release|Win32.Build.0 = Release|Win32
		{58B2B53C-C4FF-47FD-817B-095E45B7F7D4}.Release|x64.ActiveCfg = Release|x64
		{58B2B53C-C4FF-47FD-817B-095E45B7F7D4}.Release|x64.Build.0 = Release|x64
		{07324745-C9BE-4D65-B08A-9C88188C0C28}.Debug|Win32.ActiveCfg = Debug|Win32
		{07324745-C9BE-4D65-B08A-9C88188C0C28}.Debug|Win32.Build.0 = Debug|Win32
		{07324745-C9BE-4D65-B08A-9C88188C0C28}.Debug|x64.ActiveCfg = Debug|x64
		{07324745-C9BE-4D65-B08A-9C88188C0C28}.Debug|x64.Build.0 = Debug|x64
		{07324745-C9BE-4D65-B08A-9C88188C0C28}.Release|Win32.ActiveCfg = Release|Win32
		{07324745-C9BE-4D65-B08A-9C88188C0C28}.Release|Win32.Build.0 = Release|Win32
		{07324745-C9BE-4D65-B08A-9C88188C0C28}.Release|x64.ActiveCfg = Release|x64
		{07324745-C9BE-4D65-B08A-9C88188C0C28}.Release|x64.Build.0 = Release|x64
		{6300FCFA-97F1-4967-802E-E354D95DB0EB}.Debug|Win32.ActiveCfg = Debug|Win32
		{6300FCFA-97F1-4967-802E-E354D95DB0EB}.Debug|Win32.Build.0 = Debug|Win32
		{6300FCFA-97F1-4967-802E-E354D95DB0EB}.Debug|x64.ActiveCfg = Debug|x64
		{6300FCFA-97F1-4967-802E-E354D95DB0EB}.Debug|x64.Build.0 = Debug|x64
		{6300FCFA-97F1-4967-802E-E354D95DB0EB}.Release|Win32.ActiveCfg = Release|Win32
		{6300FCFA-97F1-4967-802E-E354D95DB0EB}.Release|Win32.Build.0 = Release|Win32
		{6300FCFA-97F1-4967-802E-E354D95DB0EB}.Release|x64.ActiveCfg = Release|x64
		{6300FCFA-97F1-4967-802E-E354D95DB0EB}.Release|x64.Build.0 = Release|x64
		{22277003-3228-486E-A6A8-994B8B13AF30}.Debug|Win32.ActiveCfg = Debug|Win32
		{22277003-3228-486E-A6A8-994B8B13AF30}.Debug|Win32.Build.0 = Debug|Win32
		{22277003-3228-486E-A6A8-994B8B13AF30}.Debug|x64.ActiveCfg = Debug|x64
		{22277003-3228-486E-A6A8-994B8B13AF30}.Debug|x64.Build.0 = Debug|x64
		{22277003-3228-486E-A6A8-994B8B13AF30}.Release|Win32.ActiveCfg = Release|Win32
		{22277003-3228-486E-A6A8-994B8B13AF30}.Release|Win32.Build.0 = Release|Win32
		{22277003-3228-486E-A6A8-994B8B13AF30}.Release|x64.ActiveCfg = Release|x64
		{22277003-3228-486E-A6A8-994B8B13AF30}.Release|x64.Build.0 = Release|x64
		{5357AB2B-A5F9-463C-92D8-00357CCC3ECE}.Debug|Win32.ActiveCfg = Debug|Win32
		{5357AB2B-A5F9-463C-92D8-00357CCC3ECE}.Debug|Win32.Build.0 = Debug|Win32
		{5357AB2B-A5F9-463C-92D8-00357CCC3ECE}.Debug|x64.ActiveCfg = Debug|x64
		{5357AB2B-A5F9-463C-92D8-00357CCC3ECE}.Debug|x64.Build.0 = Debug|x64
		{5357AB2B-A5F9-463C-92D8-00357CCC3ECE}.Release|Win32.ActiveCfg = Release|Win32
		{5357AB2B-A5F9-463C-92D8-00357CCC3ECE}.Release|Win32.Build.0 = Release|Win32
		{5357AB2B-A5F9-463C-92D8-00357CCC3ECE}.Release|x64.ActiveCfg = Release|x64
		{5357AB2B-A5F9-463C-92D8-00357CCC3ECE}.Release|x64.Build.0 = Release|x64
		{962484DB-2111-48A4-BEF0-194433719D0D}.Debug|Win32.ActiveCfg = Debug|Win32
		{962484DB-2111-48A4-BEF0-194433719D0D}.Debug|Win32.Build.0 = Debug|Win32
		{962484DB-2111-48A4-BEF0-194433719D0D}.Debug|x64.ActiveCfg = Debug|x64
		{962484DB-2111-48A4-BEF0-194433719D0D}.Debug|x64.Build.0 = Debug|x64
		{962484DB-2111-48A4-BEF0-194433719D0D}.Release|Win32.ActiveCfg = Release|Win32
		{962484DB-2111-48A4-BEF0-194433719D0D}.Release|Win32.Build.0 = Release|Win32
		{962484DB-2111-48A4-BEF0-194433719D0D}.Release|x64.ActiveCfg = Release|x64
		{962484DB-2111-48A4-BEF0-194433719D0D}.Release|x64.Build.0 = Release|x64
		{129ECC08-6D30-4884-B824-4AF96EF0A45C}.Debug|Win32.ActiveCfg = Debug|Win32
		{129ECC08-6D30-4884-B824-4AF96EF0A45C}.Debug|Win32.Build.0 = Debug|Win32
		{129ECC08-6D30-4884-B824-4AF96EF0A45C}.Debug|x64.ActiveCfg = Debug|x64
		{129ECC08-6D30-4884-B824-4AF96EF0A45C}.Debug|x64.Build.0 = Debug|x64
		{129ECC08-6D30-4884-B824-4AF96EF0A45C}.Release|Win32.ActiveCfg = Release|Win32
		{129ECC08-6D30-4884-B824-4AF96EF0A45C}.Release|Win32.Build.0 = Release|Win32
		{129ECC08-6D30-4884-B824-4AF96EF0A45C}.Release|x64.ActiveCfg = Release|x64
		{129ECC08-6D30-4884-B824-4AF96EF0A45C}.Release|x64.Build.0 = Release|x64
		{18A82706-B645-4DF5-AB09-06B90128BAC5}.Debug|Win32.ActiveCfg = Debug|Win32
		{18A82706-B645-4DF5-AB09-06B90128BAC5}.Debug|Win32.Build.0 = Debug|Win32
		{18A82706-B645-4DF5-AB09-06B90128BAC5}.Debug|x64.ActiveCfg = Debug|x64
		{18A82706-B645-4DF5-AB09-06B90128BAC5}.Debug|x64.Build.0 = Debug|x64
		{18A82706-B645-4DF5-AB09-06B90128BAC5}.Release|Win32.ActiveCfg = Release|Win32
		{18A82706-B645-4DF5-AB09-06B90128BAC5}.Release|Win32.Build.0 = Release|Win32
		{18A82706-B645-4DF5-AB09-06B90128BAC5}.Release|x64.ActiveCfg = Release|x64
		{18A82706-B645-4DF5-AB09-06B90128BAC5}.Release|x64.Build.0 = Release|x64
		{46962B9A-C5E9-4863-9408-97514D63F420}.Debug|Win32.ActiveCfg = Debug|Win32
		{46962B9A-C5E9-4863-9408-97514D63F420}.Debug|Win32.Build.0 = Debug|Win32
		{46962B9A-C5E9-4863-9408-97514D63F420}.Debug|x64.ActiveCfg = Debug|x64
		{46962B9A-C5E9-4863-9408-97514D63F420}.Debug|x64.Build.0 = Debug|x64
		{46962B9A-C5E9-4863-9408-97514D63F420}.Release|Win32.ActiveCfg = Release|Win32
		{46962B9A-C5E9-4863-9408-97514D63F420}.Release|Win32.Build.0 = Release|Win32
		{46962B9A-C5E9-4863-9408-97514D63F420}.Release|x64.ActiveCfg = Release|x64
		{46962B9A-C5E9-4863-9408-97514D63F420}.Release|x64.Build.0 = Release|x64
		{EE6C0430-C2C9-425C-8EBA-963FAC3E9832}.Debug|Win32.ActiveCfg = Debug|Win32
		{EE6C0430-C2C9-425C-8EBA-963FAC3E9832}.Debug|Win32.Build.0 = Debug|Win32
		{EE6C0430-C2C9-425C-8EBA-963FAC3E9832}.Debug|x64.ActiveCfg = Debug|x64
		{EE6C0430-C2C9-425C-8EBA-963FAC3E9832}.Debug|x64.Build.0 = Debug|x64
		{EE6C0430-C2C9-425C-8EBA-963FAC3E9832}.Release|Win32.ActiveCfg = Release|Win32
		{EE6C0430-C2C9-425C-8EBA-963FAC3E9832}.Release|Win32.Build.0 = Release|Win32
		{EE6C0430-C2C9-425C-8EBA-963FAC3E9832}.Release|x64.ActiveCfg = Release|x64
		{EE6C0430-C2C9-425C-8EBA-963FAC3E9832}.Release|x64.Build.0 = Release|x64
		{F4F66980-51D4-4CC2-A529-9AD2C9F7D143}.Debug|Win32.ActiveCfg = Debug|Win32
		{F4F66980-51D4-4CC2-A529-9AD2C9F7D143}.Debug|Win32.Build.0 = Debug|Win32
		{F4F66980-51D4-4CC2-A529-9AD2C9F7D143}.Debug|x64.ActiveCfg = Debug|x64
		{F4F66980-51D4-4CC2-A529-9AD2C9F7D143}.Debug|x64.Build.0 = Debug|x64
		{F4F66980-51D4-4CC2-A529-9AD2C9F7D143}.Release|Win32.ActiveCfg = Release|Win32
		{F4F66980-51D4-4CC2-A529-9AD2C9F7D143}.Release|Win32.Build.0 = Release|Win32
		{F4F66980-51D4-4CC2-A529-9AD2C9F7D143}.Release|x64.ActiveCfg = Release|x64
		{F4F66980-51D4-4CC2-A529-9AD2C9F7D143}.Release|x64.Build.0 = Release|x64
		{569A24AB-8D81-4427-B40D-85485AA7F3CD}.Debug|Win32.ActiveCfg = Debug|Win32
		{569A24AB-8D81-4427-B40D-85485AA7F3CD}.Debug|Win32.Build.0 = Debug|Win32
		{569A24AB-8D81-4427-B40D-85485AA7F3CD}.Debug|x64.ActiveCfg = Debug|x64
		{569A24AB-8D81-4427-B40D-85485AA7F3CD}.Debug|x64.Build.0 = Debug|x64
		{569A24AB-8D81-4427-B40D-85485AA7F3CD}.Release|Win32.ActiveCfg = Release|Win32
		{569A24AB-8D81-4427-B40D-85485AA7F3CD}.Release|Win32.Build.0 = Release|Win32
		{569A24AB-8D81-4427-B40D-85485AA7F3CD}.Release|x64.ActiveCfg = Release|x64
		{569A24AB-8D81-4427-B40D-85485AA7F3CD}.Release|x64.Build.0 = Release|x64
		{206CC821-8BE3-4455-B09E-63F93E30F20C}.Debug|Win32.ActiveCfg = Debug|Win32
		{206CC821-8BE3-4455-B09E-63F93E30F20C}.Debug|Win32.Build.0 = Debug|Win32
		{206CC821-8BE3-4455-B09E-63F93E30F20C}.Debug|x64.ActiveCfg = Debug|x64
		{206CC821-8BE3-4455-B09E-63F93E30F20C}.Debug|x64.Build.0 = Debug|x64
		{206CC821-8BE3-4455-B09E-63F93E30F20C}.Release|Win32.ActiveCfg = Release|Win32
		{206CC821-8BE3-4455-B09E-63F93E30F20C}.Release|Win32.Build.0 = Release|Win32
		{206CC821-8BE3-4455-B09E-63F93E30F20C}.Release|x64.ActiveCfg = Release|x64
		{206CC821-8BE3-4455-B09E-63F93E30F20C}.Release|x64.Build.0 = Release|x64
		{7374A5A1-4E74-44BD-918C-FDF80B97FA3F}.Debug|Win32.ActiveCfg = Debug|Win32
		{7374A5A1-4E74-44BD-918C-FDF80B97FA3F}.Debug|Win32.Build.0 = Debug|Win32
		{7374A5A1-4E74-44BD-918C-FDF80B97FA3F}.Debug|x64.ActiveCfg = Debug|x64
		{7374A5A1-4E74-44BD-918C-FDF80B97FA3F}.Debug|x64.Build.0 = Debug|x64
		{7374A5A1-4E74-44BD-918C-FDF80B97FA3F}.Release|Win32.ActiveCfg = Release|Win32
		{7374A5A1-4E74-44BD-918C-FDF80B97FA3F}.Release|Win32.Build.0 = Release|Win32
		{7374A5A1-4E74-44BD-918C-FDF80B97FA3F}.Release|x64.ActiveCfg = Release|x64
		{7374A5A1-4E74-44BD-918C-FDF80B97FA3F}.Release|x64.Build.0 = Release|x64
		{E4D320F1-7D2D-43AF-874F-14524220EF92}.Debug|Win32.ActiveCfg = Debug|Win32
		{E4D320F1-7D2D-43AF-874F-14524220EF92}.Debug|Win32.Build.0 = Debug|Win32
		{E4D320F1-7D2D-43AF-874F-14524220EF92}.Debug|x64.ActiveCfg = Debug|x64
		{E4D320F1-7D2D-43AF-874F-14524220EF92}.Debug|x64.Build.0 = Debug|x64
		{E4D320F1-7D2D-43AF-874F-14524220EF92}.Release|Win32.ActiveCfg = Release|Win32
		{E4D320F1-7D2D-43AF-874F-14524220EF92}.Release|Win32.Build.0 = Release|Win32
		{E4D320F1-7D2D-43AF-874F-14524220EF92}.Release|x64.ActiveCfg = Release|x64
		{E4D320F1-7D2D-43AF-874F-14524220EF92}.Release|x64.Build.0 = Release|x64
		{1E38D900-90AC-4E18-B34C-7B08E3383087}.Debug|Win32.ActiveCfg = Debug|Win32
		{1E38D900-90AC-4E18-B34C-7B08E3383087}.Debug|Win32.Build.0 = Debug|Win32
		{1E38D900-90AC-4E18-B34C-7B08E3383087}.Debug|x64.ActiveCfg = Debug|x64
		{1E38D900-90AC-4E18-B34C-7B08E3383087}.Debug|x64.Build.0 = Debug|x64
		{1E38D900-90AC-4E18-B34C-7B08E3383087}.Release|Win32.ActiveCfg = Release|Win32
		{1E38D900-90AC-4E18-B34C-7B08E3383087}.Release|Win32.Build.0 = Release|Win32
		{1E38D900-90AC-4E18-B34C-7B08E3383087}.Release|x64.ActiveCfg = Release|x64
		{1E38D900-90AC-4E18-B34C-7B08E3383087}.Release|x64.Build.0 = Release|x64
		{7A4EB8C4-4784-4E9E-96E6-CA6FF4CE1D20}.Debug|Win32.ActiveCfg = Debug|Win32
		{7A4EB8C4-4784-4E9E-96E6-CA6FF4CE1D20}.Debug|Win32.Build.0 = Debug|Win32
		{7A4EB8C4-4784-4E9E-96E6-CA6FF4CE1D20}.Debug|x64.ActiveCfg = Debug|x64
		{7A4EB8C4-4784-4E9E-96E6-CA6FF4CE1D20}.Debug|x64.Build.0 = Debug|x64
		{7A4EB8C4-4784-4E9E-96E6-CA6FF4CE1D20}.Release|Win32.ActiveCfg = Release|Win32
		{7A4EB8C4-4784-4E9E-96E6-CA6FF4CE1D20}.Release|Win32.Build.0 = Release|Win32
		{7A4EB8C4-4784-4E9E-96E6-CA6FF4CE1D20}.Release|x64.ActiveCfg = Release|x64
		{7A4EB8C4-4784-4E9E-96E6-CA6FF4CE1D20}.Release|x64.Build.0 = Release|x64
		{D1C74410-023C-48DE-B636-E8B6D177C306}.Debug|Win32.ActiveCfg = Debug|Win32
		{D1C74410-023C-48DE-B636-E8B6D177C306}.Debug|Win32.Build.0 = Debug|Win32
		{D1C74410-023C-48DE-B636-E8B6D177C306}.Debug|x64.ActiveCfg = Debug|x64
		{D1C74410-023C-48DE-B636-E8B6D177C306}.Debug|x64.Build.0 = Debug|x64
		{D1C74410-023C-48DE-B636-E8B6D177C306}.Release|Win32.ActiveCfg = Release|Win32
		{D1C74410-023C-48DE-B636-E8B6D177C306}.Release|Win32.Build.0 = Release|Win32
		{D1C74410-023C-48DE-B636-E8B6D177C306}.Release|x64.ActiveCfg = Release|x64
		{D1C74410-023C-48DE-B636-E8B6D177C306}.Release|x64.Build.0 = Release|x64
		{2093D218-190E-4194-9421-3BA7CBF33B10}.Debug|Win32.ActiveCfg = Debug|Win32
		{2093D218-190E-4194-9421-3BA7CBF33B10}.Debug|Win32.Build.0 = Debug|Win32
		{2093D218-190E-4194-9421-3BA7CBF33B10}.Debug|x64.ActiveCfg = Debug|x64
		{2093D218-190E-4194-9421-3BA7CBF33B10}.Debug|x64.Build.0 = Debug|x64
		{2093D218-190E-4194-9421-3BA7CBF33B10}.Release|Win32.ActiveCfg = Release|Win32
		{2093D218-190E-4194-9421-3BA7CBF33B10}.Release|Win32.Build.0 = Release|Win32
		{2093D218-190E-4194-9421-3BA7CBF33B10}.Release|x64.ActiveCfg = Release|x64
		{2093D218-190E-4194-9421-3BA7CBF33B10}.Release|x64.Build.0 = Release|x64
	EndGlobalSection
	GlobalSection(SolutionProperties) = preSolution
		HideSolutionNode = FALSE
	EndGlobalSection
EndGlobal
