<?xml version="1.0" encoding="utf-8"?>
<Project ToolsVersion="4.0" xmlns="http://schemas.microsoft.com/developer/msbuild/2003">
  <ItemGroup>
    <Filter Include="Source Files">
      <UniqueIdentifier>{4FC737F1-C7A5-4376-A066-2A32D752A2FF}</UniqueIdentifier>
      <Extensions>cpp;c;cc;cxx;def;odl;idl;hpj;bat;asm;asmx</Extensions>
    </Filter>
    <Filter Include="Header Files">
      <UniqueIdentifier>{93995380-89BD-4b04-88EB-625FBE52EBFB}</UniqueIdentifier>
      <Extensions>h;hpp;hxx;hm;inl;inc;xsd</Extensions>
    </Filter>
    <Filter Include="Resource Files">
      <UniqueIdentifier>{67DA6AB6-F800-4c08-8B7A-83BB121AAD01}</UniqueIdentifier>
      <Extensions>rc;ico;cur;bmp;dlg;rc2;rct;bin;rgs;gif;jpg;jpeg;jpe;resx;tiff;tif;png;wav</Extensions>
    </Filter>
  </ItemGroup>
  <ItemGroup>
    <ClCompile Include="..\gio\giomm\action.cc">
      <Filter>Source Files</Filter>
    </ClCompile>
    <ClCompile Include="..\gio\giomm\actiongroup.cc">
      <Filter>Source Files</Filter>
    </ClCompile>
    <ClCompile Include="..\gio\giomm\actionmap.cc">
      <Filter>Source Files</Filter>
    </ClCompile>
    <ClCompile Include="..\gio\giomm\appinfo.cc">
      <Filter>Source Files</Filter>
    </ClCompile>
    <ClCompile Include="..\gio\giomm\applaunchcontext.cc">
      <Filter>Source Files</Filter>
    </ClCompile>
    <ClCompile Include="..\gio\giomm\application.cc">
      <Filter>Source Files</Filter>
    </ClCompile>
    <ClCompile Include="..\gio\giomm\applicationcommandline.cc">
      <Filter>Source Files</Filter>
    </ClCompile>
    <ClCompile Include="..\gio\giomm\asyncinitable.cc">
      <Filter>Source Files</Filter>
    </ClCompile>
    <ClCompile Include="..\gio\giomm\asyncresult.cc">
      <Filter>Source Files</Filter>
    </ClCompile>
    <ClCompile Include="..\gio\giomm\bufferedinputstream.cc">
      <Filter>Source Files</Filter>
    </ClCompile>
    <ClCompile Include="..\gio\giomm\bufferedoutputstream.cc">
      <Filter>Source Files</Filter>
    </ClCompile>
    <ClCompile Include="..\gio\giomm\cancellable.cc">
      <Filter>Source Files</Filter>
    </ClCompile>
    <ClCompile Include="..\gio\giomm\charsetconverter.cc">
      <Filter>Source Files</Filter>
    </ClCompile>
    <ClCompile Include="..\gio\giomm\contenttype.cc">
      <Filter>Source Files</Filter>
    </ClCompile>
    <ClCompile Include="..\gio\giomm\converter.cc">
      <Filter>Source Files</Filter>
    </ClCompile>
    <ClCompile Include="..\gio\giomm\converterinputstream.cc">
      <Filter>Source Files</Filter>
    </ClCompile>
    <ClCompile Include="..\gio\giomm\converteroutputstream.cc">
      <Filter>Source Files</Filter>
    </ClCompile>
    <ClCompile Include="..\gio\giomm\credentials.cc">
      <Filter>Source Files</Filter>
    </ClCompile>
    <ClCompile Include="..\gio\giomm\datainputstream.cc">
      <Filter>Source Files</Filter>
    </ClCompile>
    <ClCompile Include="..\gio\giomm\dataoutputstream.cc">
      <Filter>Source Files</Filter>
    </ClCompile>
    <ClCompile Include="..\gio\giomm\dbusactiongroup.cc">
      <Filter>Source Files</Filter>
    </ClCompile>
    <ClCompile Include="..\gio\giomm\dbusaddress.cc">
      <Filter>Source Files</Filter>
    </ClCompile>
    <ClCompile Include="..\gio\giomm\dbusauthobserver.cc">
      <Filter>Source Files</Filter>
    </ClCompile>
    <ClCompile Include="..\gio\giomm\dbusconnection.cc">
      <Filter>Source Files</Filter>
    </ClCompile>
    <ClCompile Include="..\gio\giomm\dbuserror.cc">
      <Filter>Source Files</Filter>
    </ClCompile>
    <ClCompile Include="..\gio\giomm\dbuserrorutils.cc">
      <Filter>Source Files</Filter>
    </ClCompile>
    <ClCompile Include="..\gio\giomm\dbusinterface.cc">
      <Filter>Source Files</Filter>
    </ClCompile>
    <ClCompile Include="..\gio\giomm\dbusinterfaceskeleton.cc">
      <Filter>Source Files</Filter>
    </ClCompile>
    <ClCompile Include="..\gio\giomm\dbusinterfacevtable.cc">
      <Filter>Source Files</Filter>
    </ClCompile>
    <ClCompile Include="..\gio\giomm\dbusintrospection.cc">
      <Filter>Source Files</Filter>
    </ClCompile>
    <ClCompile Include="..\gio\giomm\dbusmenumodel.cc">
      <Filter>Source Files</Filter>
    </ClCompile>
    <ClCompile Include="..\gio\giomm\dbusmessage.cc">
      <Filter>Source Files</Filter>
    </ClCompile>
    <ClCompile Include="..\gio\giomm\dbusmethodinvocation.cc">
      <Filter>Source Files</Filter>
    </ClCompile>
    <ClCompile Include="..\gio\giomm\dbusobject.cc">
      <Filter>Source Files</Filter>
    </ClCompile>
    <ClCompile Include="..\gio\giomm\dbusownname.cc">
      <Filter>Source Files</Filter>
    </ClCompile>
    <ClCompile Include="..\gio\giomm\dbusproxy.cc">
      <Filter>Source Files</Filter>
    </ClCompile>
    <ClCompile Include="..\gio\giomm\dbusserver.cc">
      <Filter>Source Files</Filter>
    </ClCompile>
    <ClCompile Include="..\gio\giomm\dbussubtreevtable.cc">
      <Filter>Source Files</Filter>
    </ClCompile>
    <ClCompile Include="..\gio\giomm\dbusutils.cc">
      <Filter>Source Files</Filter>
    </ClCompile>
    <ClCompile Include="..\gio\giomm\dbuswatchname.cc">
      <Filter>Source Files</Filter>
    </ClCompile>
    <ClCompile Include="..\gio\giomm\drive.cc">
      <Filter>Source Files</Filter>
    </ClCompile>
    <ClCompile Include="..\gio\giomm\emblem.cc">
      <Filter>Source Files</Filter>
    </ClCompile>
    <ClCompile Include="..\gio\giomm\emblemedicon.cc">
      <Filter>Source Files</Filter>
    </ClCompile>
    <ClCompile Include="..\gio\giomm\enums.cc">
      <Filter>Source Files</Filter>
    </ClCompile>
    <ClCompile Include="..\gio\giomm\error.cc">
      <Filter>Source Files</Filter>
    </ClCompile>
    <ClCompile Include="..\gio\giomm\file.cc">
      <Filter>Source Files</Filter>
    </ClCompile>
    <ClCompile Include="..\gio\giomm\fileattributeinfo.cc">
      <Filter>Source Files</Filter>
    </ClCompile>
    <ClCompile Include="..\gio\giomm\fileattributeinfolist.cc">
      <Filter>Source Files</Filter>
    </ClCompile>
    <ClCompile Include="..\gio\giomm\fileenumerator.cc">
      <Filter>Source Files</Filter>
    </ClCompile>
    <ClCompile Include="..\gio\giomm\fileicon.cc">
      <Filter>Source Files</Filter>
    </ClCompile>
    <ClCompile Include="..\gio\giomm\fileinfo.cc">
      <Filter>Source Files</Filter>
    </ClCompile>
    <ClCompile Include="..\gio\giomm\fileinputstream.cc">
      <Filter>Source Files</Filter>
    </ClCompile>
    <ClCompile Include="..\gio\giomm\fileiostream.cc">
      <Filter>Source Files</Filter>
    </ClCompile>
    <ClCompile Include="..\gio\giomm\filemonitor.cc">
      <Filter>Source Files</Filter>
    </ClCompile>
    <ClCompile Include="..\gio\giomm\filenamecompleter.cc">
      <Filter>Source Files</Filter>
    </ClCompile>
    <ClCompile Include="..\gio\giomm\fileoutputstream.cc">
      <Filter>Source Files</Filter>
    </ClCompile>
    <ClCompile Include="..\gio\giomm\filterinputstream.cc">
      <Filter>Source Files</Filter>
    </ClCompile>
    <ClCompile Include="..\gio\giomm\filteroutputstream.cc">
      <Filter>Source Files</Filter>
    </ClCompile>
    <ClCompile Include="..\gio\giomm\icon.cc">
      <Filter>Source Files</Filter>
    </ClCompile>
    <ClCompile Include="..\gio\giomm\inetaddress.cc">
      <Filter>Source Files</Filter>
    </ClCompile>
    <ClCompile Include="..\gio\giomm\inetsocketaddress.cc">
      <Filter>Source Files</Filter>
    </ClCompile>
    <ClCompile Include="..\gio\giomm\init.cc">
      <Filter>Source Files</Filter>
    </ClCompile>
    <ClCompile Include="..\gio\giomm\initable.cc">
      <Filter>Source Files</Filter>
    </ClCompile>
    <ClCompile Include="..\gio\giomm\inputstream.cc">
      <Filter>Source Files</Filter>
    </ClCompile>
    <ClCompile Include="..\gio\giomm\iostream.cc">
      <Filter>Source Files</Filter>
    </ClCompile>
    <ClCompile Include="..\gio\giomm\listmodel.cc">
      <Filter>Source Files</Filter>
    </ClCompile>
    <ClCompile Include="..\gio\giomm\liststore.cc">
      <Filter>Source Files</Filter>
    </ClCompile>
    <ClCompile Include="..\gio\giomm\loadableicon.cc">
      <Filter>Source Files</Filter>
    </ClCompile>
    <ClCompile Include="..\gio\giomm\memoryinputstream.cc">
      <Filter>Source Files</Filter>
    </ClCompile>
    <ClCompile Include="..\gio\giomm\memoryoutputstream.cc">
      <Filter>Source Files</Filter>
    </ClCompile>
    <ClCompile Include="..\gio\giomm\menu.cc">
      <Filter>Source Files</Filter>
    </ClCompile>
    <ClCompile Include="..\gio\giomm\menuattributeiter.cc">
      <Filter>Source Files</Filter>
    </ClCompile>
    <ClCompile Include="..\gio\giomm\menuitem.cc">
      <Filter>Source Files</Filter>
    </ClCompile>
    <ClCompile Include="..\gio\giomm\menulinkiter.cc">
      <Filter>Source Files</Filter>
    </ClCompile>
    <ClCompile Include="..\gio\giomm\menumodel.cc">
      <Filter>Source Files</Filter>
    </ClCompile>
    <ClCompile Include="..\gio\giomm\mount.cc">
      <Filter>Source Files</Filter>
    </ClCompile>
    <ClCompile Include="..\gio\giomm\mountoperation.cc">
      <Filter>Source Files</Filter>
    </ClCompile>
    <ClCompile Include="..\gio\giomm\networkaddress.cc">
      <Filter>Source Files</Filter>
    </ClCompile>
    <ClCompile Include="..\gio\giomm\networkmonitor.cc">
      <Filter>Source Files</Filter>
    </ClCompile>
    <ClCompile Include="..\gio\giomm\networkservice.cc">
      <Filter>Source Files</Filter>
    </ClCompile>
    <ClCompile Include="..\gio\giomm\notification.cc">
      <Filter>Source Files</Filter>
    </ClCompile>
    <ClCompile Include="..\gio\giomm\outputstream.cc">
      <Filter>Source Files</Filter>
    </ClCompile>
    <ClCompile Include="..\gio\giomm\permission.cc">
      <Filter>Source Files</Filter>
    </ClCompile>
    <ClCompile Include="..\gio\giomm\pollableinputstream.cc">
      <Filter>Source Files</Filter>
    </ClCompile>
    <ClCompile Include="..\gio\giomm\pollableoutputstream.cc">
      <Filter>Source Files</Filter>
    </ClCompile>
    <ClCompile Include="..\gio\giomm\proxy.cc">
      <Filter>Source Files</Filter>
    </ClCompile>
    <ClCompile Include="..\gio\giomm\proxyaddress.cc">
      <Filter>Source Files</Filter>
    </ClCompile>
    <ClCompile Include="..\gio\giomm\proxyresolver.cc">
      <Filter>Source Files</Filter>
    </ClCompile>
    <ClCompile Include="..\gio\giomm\remoteactiongroup.cc">
      <Filter>Source Files</Filter>
    </ClCompile>
    <ClCompile Include="..\gio\giomm\resolver.cc">
      <Filter>Source Files</Filter>
    </ClCompile>
    <ClCompile Include="..\gio\giomm\resource.cc">
      <Filter>Source Files</Filter>
    </ClCompile>
    <ClCompile Include="..\gio\giomm\seekable.cc">
      <Filter>Source Files</Filter>
    </ClCompile>
    <ClCompile Include="..\gio\giomm\settings.cc">
      <Filter>Source Files</Filter>
    </ClCompile>
    <ClCompile Include="..\gio\giomm\settingsschema.cc">
      <Filter>Source Files</Filter>
    </ClCompile>
    <ClCompile Include="..\gio\giomm\settingsschemakey.cc">
      <Filter>Source Files</Filter>
    </ClCompile>
    <ClCompile Include="..\gio\giomm\settingsschemasource.cc">
      <Filter>Source Files</Filter>
    </ClCompile>
    <ClCompile Include="..\gio\giomm\simpleaction.cc">
      <Filter>Source Files</Filter>
    </ClCompile>
    <ClCompile Include="..\gio\giomm\simpleactiongroup.cc">
      <Filter>Source Files</Filter>
    </ClCompile>
    <ClCompile Include="..\gio\giomm\simpleiostream.cc">
      <Filter>Source Files</Filter>
    </ClCompile>
    <ClCompile Include="..\gio\giomm\simplepermission.cc">
      <Filter>Source Files</Filter>
    </ClCompile>
    <ClCompile Include="..\gio\giomm\slot_async.cc">
      <Filter>Source Files</Filter>
    </ClCompile>
    <ClCompile Include="..\gio\giomm\socket.cc">
      <Filter>Source Files</Filter>
    </ClCompile>
    <ClCompile Include="..\gio\giomm\socketaddress.cc">
      <Filter>Source Files</Filter>
    </ClCompile>
    <ClCompile Include="..\gio\giomm\socketaddressenumerator.cc">
      <Filter>Source Files</Filter>
    </ClCompile>
    <ClCompile Include="..\gio\giomm\socketclient.cc">
      <Filter>Source Files</Filter>
    </ClCompile>
    <ClCompile Include="..\gio\giomm\socketconnectable.cc">
      <Filter>Source Files</Filter>
    </ClCompile>
    <ClCompile Include="..\gio\giomm\socketconnection.cc">
      <Filter>Source Files</Filter>
    </ClCompile>
    <ClCompile Include="..\gio\giomm\socketcontrolmessage.cc">
      <Filter>Source Files</Filter>
    </ClCompile>
    <ClCompile Include="..\gio\giomm\socketlistener.cc">
      <Filter>Source Files</Filter>
    </ClCompile>
    <ClCompile Include="..\gio\giomm\socketservice.cc">
      <Filter>Source Files</Filter>
    </ClCompile>
    <ClCompile Include="..\gio\giomm\socketsource.cc">
      <Filter>Source Files</Filter>
    </ClCompile>
    <ClCompile Include="..\gio\giomm\srvtarget.cc">
      <Filter>Source Files</Filter>
    </ClCompile>
    <ClCompile Include="..\gio\giomm\tcpconnection.cc">
      <Filter>Source Files</Filter>
    </ClCompile>
    <ClCompile Include="..\gio\giomm\tcpwrapperconnection.cc">
      <Filter>Source Files</Filter>
    </ClCompile>
    <ClCompile Include="..\gio\giomm\themedicon.cc">
      <Filter>Source Files</Filter>
    </ClCompile>
    <ClCompile Include="..\gio\giomm\tlscertificate.cc">
      <Filter>Source Files</Filter>
    </ClCompile>
    <ClCompile Include="..\gio\giomm\tlsclientconnection.cc">
      <Filter>Source Files</Filter>
    </ClCompile>
    <ClCompile Include="..\gio\giomm\tlsconnection.cc">
      <Filter>Source Files</Filter>
    </ClCompile>
    <ClCompile Include="..\gio\giomm\tlsdatabase.cc">
      <Filter>Source Files</Filter>
    </ClCompile>
    <ClCompile Include="..\gio\giomm\tlsinteraction.cc">
      <Filter>Source Files</Filter>
    </ClCompile>
    <ClCompile Include="..\gio\giomm\tlspassword.cc">
      <Filter>Source Files</Filter>
    </ClCompile>
    <ClCompile Include="..\gio\giomm\tlsserverconnection.cc">
      <Filter>Source Files</Filter>
    </ClCompile>
    <ClCompile Include="..\gio\giomm\volume.cc">
      <Filter>Source Files</Filter>
    </ClCompile>
    <ClCompile Include="..\gio\giomm\volumemonitor.cc">
      <Filter>Source Files</Filter>
    </ClCompile>
    <ClCompile Include="..\gio\giomm\wrap_init.cc">
      <Filter>Source Files</Filter>
    </ClCompile>
    <ClCompile Include="..\gio\giomm\zlibcompressor.cc">
      <Filter>Source Files</Filter>
    </ClCompile>
    <ClCompile Include="..\gio\giomm\zlibdecompressor.cc">
      <Filter>Source Files</Filter>
    </ClCompile>
    <ClCompile Include="..\gio\giomm\threadedsocketservice.cc">
      <Filter>Source Files</Filter>
    </ClCompile>
  </ItemGroup>
  <ItemGroup>
    <ClInclude Include="..\gio\giomm\action.h">
      <Filter>Header Files</Filter>
    </ClInclude>
    <ClInclude Include="..\gio\giomm\actiongroup.h">
      <Filter>Header Files</Filter>
    </ClInclude>
    <ClInclude Include="..\gio\giomm\actionmap.h">
      <Filter>Header Files</Filter>
    </ClInclude>
    <ClInclude Include="..\gio\giomm\appinfo.h">
      <Filter>Header Files</Filter>
    </ClInclude>
    <ClInclude Include="..\gio\giomm\applaunchcontext.h">
      <Filter>Header Files</Filter>
    </ClInclude>
    <ClInclude Include="..\gio\giomm\application.h">
      <Filter>Header Files</Filter>
    </ClInclude>
    <ClInclude Include="..\gio\giomm\applicationcommandline.h">
      <Filter>Header Files</Filter>
    </ClInclude>
    <ClInclude Include="..\gio\giomm\asyncinitable.h">
      <Filter>Header Files</Filter>
    </ClInclude>
    <ClInclude Include="..\gio\giomm\asyncresult.h">
      <Filter>Header Files</Filter>
    </ClInclude>
    <ClInclude Include="..\gio\giomm\bufferedinputstream.h">
      <Filter>Header Files</Filter>
    </ClInclude>
    <ClInclude Include="..\gio\giomm\bufferedoutputstream.h">
      <Filter>Header Files</Filter>
    </ClInclude>
    <ClInclude Include="..\gio\giomm\cancellable.h">
      <Filter>Header Files</Filter>
    </ClInclude>
    <ClInclude Include="..\gio\giomm\charsetconverter.h">
      <Filter>Header Files</Filter>
    </ClInclude>
    <ClInclude Include="..\gio\giomm\contenttype.h">
      <Filter>Header Files</Filter>
    </ClInclude>
    <ClInclude Include="..\gio\giomm\converter.h">
      <Filter>Header Files</Filter>
    </ClInclude>
    <ClInclude Include="..\gio\giomm\converterinputstream.h">
      <Filter>Header Files</Filter>
    </ClInclude>
    <ClInclude Include="..\gio\giomm\converteroutputstream.h">
      <Filter>Header Files</Filter>
    </ClInclude>
    <ClInclude Include="..\gio\giomm\credentials.h">
      <Filter>Header Files</Filter>
    </ClInclude>
    <ClInclude Include="..\gio\giomm\datainputstream.h">
      <Filter>Header Files</Filter>
    </ClInclude>
    <ClInclude Include="..\gio\giomm\dataoutputstream.h">
      <Filter>Header Files</Filter>
    </ClInclude>
    <ClInclude Include="..\gio\giomm\dbusactiongroup.h">
      <Filter>Header Files</Filter>
    </ClInclude>
    <ClInclude Include="..\gio\giomm\dbusaddress.h">
      <Filter>Header Files</Filter>
    </ClInclude>
    <ClInclude Include="..\gio\giomm\dbusauthobserver.h">
      <Filter>Header Files</Filter>
    </ClInclude>
    <ClInclude Include="..\gio\giomm\dbusconnection.h">
      <Filter>Header Files</Filter>
    </ClInclude>
    <ClInclude Include="..\gio\giomm\dbuserror.h">
      <Filter>Header Files</Filter>
    </ClInclude>
    <ClInclude Include="..\gio\giomm\dbuserrorutils.h">
      <Filter>Header Files</Filter>
    </ClInclude>
    <ClInclude Include="..\gio\giomm\dbusinterface.h">
      <Filter>Header Files</Filter>
    </ClInclude>
    <ClInclude Include="..\gio\giomm\dbusinterfaceskeleton.h">
      <Filter>Header Files</Filter>
    </ClInclude>
    <ClInclude Include="..\gio\giomm\dbusinterfacevtable.h">
      <Filter>Header Files</Filter>
    </ClInclude>
    <ClInclude Include="..\gio\giomm\dbusintrospection.h">
      <Filter>Header Files</Filter>
    </ClInclude>
    <ClInclude Include="..\gio\giomm\dbusmenumodel.h">
      <Filter>Header Files</Filter>
    </ClInclude>
    <ClInclude Include="..\gio\giomm\dbusmessage.h">
      <Filter>Header Files</Filter>
    </ClInclude>
    <ClInclude Include="..\gio\giomm\dbusmethodinvocation.h">
      <Filter>Header Files</Filter>
    </ClInclude>
    <ClInclude Include="..\gio\giomm\dbusobject.h">
      <Filter>Header Files</Filter>
    </ClInclude>
    <ClInclude Include="..\gio\giomm\dbusownname.h">
      <Filter>Header Files</Filter>
    </ClInclude>
    <ClInclude Include="..\gio\giomm\dbusproxy.h">
      <Filter>Header Files</Filter>
    </ClInclude>
    <ClInclude Include="..\gio\giomm\dbusserver.h">
      <Filter>Header Files</Filter>
    </ClInclude>
    <ClInclude Include="..\gio\giomm\dbussubtreevtable.h">
      <Filter>Header Files</Filter>
    </ClInclude>
    <ClInclude Include="..\gio\giomm\dbusutils.h">
      <Filter>Header Files</Filter>
    </ClInclude>
    <ClInclude Include="..\gio\giomm\dbuswatchname.h">
      <Filter>Header Files</Filter>
    </ClInclude>
    <ClInclude Include="..\gio\giomm\drive.h">
      <Filter>Header Files</Filter>
    </ClInclude>
    <ClInclude Include="..\gio\giomm\emblem.h">
      <Filter>Header Files</Filter>
    </ClInclude>
    <ClInclude Include="..\gio\giomm\emblemedicon.h">
      <Filter>Header Files</Filter>
    </ClInclude>
    <ClInclude Include="..\gio\giomm\enums.h">
      <Filter>Header Files</Filter>
    </ClInclude>
    <ClInclude Include="..\gio\giomm\error.h">
      <Filter>Header Files</Filter>
    </ClInclude>
    <ClInclude Include="..\gio\giomm\file.h">
      <Filter>Header Files</Filter>
    </ClInclude>
    <ClInclude Include="..\gio\giomm\fileattributeinfo.h">
      <Filter>Header Files</Filter>
    </ClInclude>
    <ClInclude Include="..\gio\giomm\fileattributeinfolist.h">
      <Filter>Header Files</Filter>
    </ClInclude>
    <ClInclude Include="..\gio\giomm\fileenumerator.h">
      <Filter>Header Files</Filter>
    </ClInclude>
    <ClInclude Include="..\gio\giomm\fileicon.h">
      <Filter>Header Files</Filter>
    </ClInclude>
    <ClInclude Include="..\gio\giomm\fileinfo.h">
      <Filter>Header Files</Filter>
    </ClInclude>
    <ClInclude Include="..\gio\giomm\fileinputstream.h">
      <Filter>Header Files</Filter>
    </ClInclude>
    <ClInclude Include="..\gio\giomm\fileiostream.h">
      <Filter>Header Files</Filter>
    </ClInclude>
    <ClInclude Include="..\gio\giomm\filemonitor.h">
      <Filter>Header Files</Filter>
    </ClInclude>
    <ClInclude Include="..\gio\giomm\filenamecompleter.h">
      <Filter>Header Files</Filter>
    </ClInclude>
    <ClInclude Include="..\gio\giomm\fileoutputstream.h">
      <Filter>Header Files</Filter>
    </ClInclude>
    <ClInclude Include="..\gio\giomm\filterinputstream.h">
      <Filter>Header Files</Filter>
    </ClInclude>
    <ClInclude Include="..\gio\giomm\filteroutputstream.h">
      <Filter>Header Files</Filter>
    </ClInclude>
    <ClInclude Include="..\gio\giomm\icon.h">
      <Filter>Header Files</Filter>
    </ClInclude>
    <ClInclude Include="..\gio\giomm\inetaddress.h">
      <Filter>Header Files</Filter>
    </ClInclude>
    <ClInclude Include="..\gio\giomm\inetsocketaddress.h">
      <Filter>Header Files</Filter>
    </ClInclude>
    <ClInclude Include="..\gio\giomm\init.h">
      <Filter>Header Files</Filter>
    </ClInclude>
    <ClInclude Include="..\gio\giomm\initable.h">
      <Filter>Header Files</Filter>
    </ClInclude>
    <ClInclude Include="..\gio\giomm\inputstream.h">
      <Filter>Header Files</Filter>
    </ClInclude>
    <ClInclude Include="..\gio\giomm\iostream.h">
      <Filter>Header Files</Filter>
    </ClInclude>
    <ClInclude Include="..\gio\giomm\listmodel.h">
      <Filter>Header Files</Filter>
    </ClInclude>
    <ClInclude Include="..\gio\giomm\liststore.h">
      <Filter>Header Files</Filter>
    </ClInclude>
    <ClInclude Include="..\gio\giomm\loadableicon.h">
      <Filter>Header Files</Filter>
    </ClInclude>
    <ClInclude Include="..\gio\giomm\memoryinputstream.h">
      <Filter>Header Files</Filter>
    </ClInclude>
    <ClInclude Include="..\gio\giomm\memoryoutputstream.h">
      <Filter>Header Files</Filter>
    </ClInclude>
    <ClInclude Include="..\gio\giomm\menu.h">
      <Filter>Header Files</Filter>
    </ClInclude>
    <ClInclude Include="..\gio\giomm\menuattributeiter.h">
      <Filter>Header Files</Filter>
    </ClInclude>
    <ClInclude Include="..\gio\giomm\menuitem.h">
      <Filter>Header Files</Filter>
    </ClInclude>
    <ClInclude Include="..\gio\giomm\menulinkiter.h">
      <Filter>Header Files</Filter>
    </ClInclude>
    <ClInclude Include="..\gio\giomm\menumodel.h">
      <Filter>Header Files</Filter>
    </ClInclude>
    <ClInclude Include="..\gio\giomm\mount.h">
      <Filter>Header Files</Filter>
    </ClInclude>
    <ClInclude Include="..\gio\giomm\mountoperation.h">
      <Filter>Header Files</Filter>
    </ClInclude>
    <ClInclude Include="..\gio\giomm\networkaddress.h">
      <Filter>Header Files</Filter>
    </ClInclude>
    <ClInclude Include="..\gio\giomm\networkmonitor.h">
      <Filter>Header Files</Filter>
    </ClInclude>
    <ClInclude Include="..\gio\giomm\networkservice.h">
      <Filter>Header Files</Filter>
    </ClInclude>
    <ClInclude Include="..\gio\giomm\notification.h">
      <Filter>Header Files</Filter>
    </ClInclude>
    <ClInclude Include="..\gio\giomm\outputstream.h">
      <Filter>Header Files</Filter>
    </ClInclude>
    <ClInclude Include="..\gio\giomm\permission.h">
      <Filter>Source Files</Filter>
    </ClInclude>
    <ClInclude Include="..\gio\giomm\pollableinputstream.h">
      <Filter>Header Files</Filter>
    </ClInclude>
    <ClInclude Include="..\gio\giomm\pollableoutputstream.h">
      <Filter>Header Files</Filter>
    </ClInclude>
    <ClInclude Include="..\gio\giomm\proxy.h">
      <Filter>Header Files</Filter>
    </ClInclude>
    <ClInclude Include="..\gio\giomm\proxyaddress.h">
      <Filter>Header Files</Filter>
    </ClInclude>
    <ClInclude Include="..\gio\giomm\proxyresolver.h">
      <Filter>Header Files</Filter>
    </ClInclude>
    <ClInclude Include="..\gio\giomm\remoteactiongroup.h">
      <Filter>Header Files</Filter>
    </ClInclude>
    <ClInclude Include="..\gio\giomm\resolver.h">
      <Filter>Header Files</Filter>
    </ClInclude>
    <ClInclude Include="..\gio\giomm\resource.h">
      <Filter>Header Files</Filter>
    </ClInclude>
    <ClInclude Include="..\gio\giomm\seekable.h">
      <Filter>Header Files</Filter>
    </ClInclude>
    <ClInclude Include="..\gio\giomm\settings.h">
      <Filter>Header Files</Filter>
    </ClInclude>
    <ClInclude Include="..\gio\giomm\settingsschema.h">
      <Filter>Header Files</Filter>
    </ClInclude>
    <ClInclude Include="..\gio\giomm\settingsschemakey.h">
      <Filter>Header Files</Filter>
    </ClInclude>
    <ClInclude Include="..\gio\giomm\settingsschemasource.h">
      <Filter>Header Files</Filter>
    </ClInclude>
    <ClInclude Include="..\gio\giomm\simpleaction.h">
      <Filter>Header Files</Filter>
    </ClInclude>
    <ClInclude Include="..\gio\giomm\simpleactiongroup.h">
      <Filter>Header Files</Filter>
    </ClInclude>
    <ClInclude Include="..\gio\giomm\simpleiostream.h">
      <Filter>Source Files</Filter>
    </ClInclude>
    <ClInclude Include="..\gio\giomm\simplepermission.h">
      <Filter>Source Files</Filter>
    </ClInclude>
    <ClInclude Include="..\gio\giomm\slot_async.h">
      <Filter>Header Files</Filter>
    </ClInclude>
    <ClInclude Include="..\gio\giomm\socket.h">
      <Filter>Header Files</Filter>
    </ClInclude>
    <ClInclude Include="..\gio\giomm\socketaddress.h">
      <Filter>Header Files</Filter>
    </ClInclude>
    <ClInclude Include="..\gio\giomm\socketaddressenumerator.h">
      <Filter>Header Files</Filter>
    </ClInclude>
    <ClInclude Include="..\gio\giomm\socketclient.h">
      <Filter>Header Files</Filter>
    </ClInclude>
    <ClInclude Include="..\gio\giomm\socketconnectable.h">
      <Filter>Header Files</Filter>
    </ClInclude>
    <ClInclude Include="..\gio\giomm\socketconnection.h">
      <Filter>Header Files</Filter>
    </ClInclude>
    <ClInclude Include="..\gio\giomm\socketcontrolmessage.h">
      <Filter>Header Files</Filter>
    </ClInclude>
    <ClInclude Include="..\gio\giomm\socketlistener.h">
      <Filter>Header Files</Filter>
    </ClInclude>
    <ClInclude Include="..\gio\giomm\socketservice.h">
      <Filter>Header Files</Filter>
    </ClInclude>
    <ClInclude Include="..\gio\giomm\socketsource.h">
      <Filter>Source Files</Filter>
    </ClInclude>
    <ClInclude Include="..\gio\giomm\srvtarget.h">
      <Filter>Header Files</Filter>
    </ClInclude>
    <ClInclude Include="..\gio\giomm\tcpconnection.h">
      <Filter>Header Files</Filter>
    </ClInclude>
    <ClInclude Include="..\gio\giomm\tcpwrapperconnection.h">
      <Filter>Header Files</Filter>
    </ClInclude>
    <ClInclude Include="..\gio\giomm\themedicon.h">
      <Filter>Header Files</Filter>
    </ClInclude>
    <ClInclude Include="..\gio\giomm\threadedsocketservice.h">
      <Filter>Header Files</Filter>
    </ClInclude>
    <ClInclude Include="..\gio\giomm\tlscertificate.h">
      <Filter>Header Files</Filter>
    </ClInclude>
    <ClInclude Include="..\gio\giomm\tlsclientconnection.h">
      <Filter>Header Files</Filter>
    </ClInclude>
    <ClInclude Include="..\gio\giomm\tlsconnection.h">
      <Filter>Header Files</Filter>
    </ClInclude>
    <ClInclude Include="..\gio\giomm\tlsdatabase.h">
      <Filter>Header Files</Filter>
    </ClInclude>
    <ClInclude Include="..\gio\giomm\tlsinteraction.h">
      <Filter>Header Files</Filter>
    </ClInclude>
    <ClInclude Include="..\gio\giomm\tlspassword.h">
      <Filter>Header Files</Filter>
    </ClInclude>
    <ClInclude Include="..\gio\giomm\tlsserverconnection.h">
      <Filter>Header Files</Filter>
    </ClInclude>
    <ClInclude Include="..\gio\giomm\volume.h">
      <Filter>Header Files</Filter>
    </ClInclude>
    <ClInclude Include="..\gio\giomm\volumemonitor.h">
      <Filter>Header Files</Filter>
    </ClInclude>
    <ClInclude Include="..\gio\giomm\wrap_init.h">
      <Filter>Header Files</Filter>
    </ClInclude>
    <ClInclude Include="..\gio\giomm\zlibcompressor.h">
      <Filter>Header Files</Filter>
    </ClInclude>
    <ClInclude Include="..\gio\giomm\zlibdecompressor.h">
      <Filter>Header Files</Filter>
    </ClInclude>
  </ItemGroup>
  <ItemGroup>
    <ResourceCompile Include=".\giomm\giomm.rc">
      <Filter>Resource Files</Filter>
    </ResourceCompile>
  </ItemGroup>
</Project>