<?xml version="1.0" encoding="utf-8"?>
<Project ToolsVersion="4.0" xmlns="http://schemas.microsoft.com/developer/msbuild/2003">
  <ItemGroup>
    <Filter Include="Source">
      <UniqueIdentifier>{611d2b25-7f60-463d-bbac-aa22accdeecb}</UniqueIdentifier>
    </Filter>
  </ItemGroup>
  <ItemGroup>
    <ClCompile Include="..\src\hb-blob.cc">
      <Filter>Source</Filter>
    </ClCompile>
    <ClCompile Include="..\src\hb-buffer.cc">
      <Filter>Source</Filter>
    </ClCompile>
    <ClCompile Include="..\src\hb-common.cc">
      <Filter>Source</Filter>
    </ClCompile>
    <ClCompile Include="..\src\hb-fallback-shape.cc">
      <Filter>Source</Filter>
    </ClCompile>
    <ClCompile Include="..\src\hb-font.cc">
      <Filter>Source</Filter>
    </ClCompile>
    <ClCompile Include="..\src\hb-ft.cc">
      <Filter>Source</Filter>
    </ClCompile>
    <ClCompile Include="..\src\hb-glib.cc">
      <Filter>Source</Filter>
    </ClCompile>
    <ClCompile Include="..\src\hb-gobject-structs.cc">
      <Filter>Source</Filter>
    </ClCompile>
    <ClCompile Include="..\src\hb-ot-layout.cc">
      <Filter>Source</Filter>
    </ClCompile>
    <ClCompile Include="..\src\hb-ot-map.cc">
      <Filter>Source</Filter>
    </ClCompile>
    <ClCompile Include="..\src\hb-ot-shape.cc">
      <Filter>Source</Filter>
    </ClCompile>
    <ClCompile Include="..\src\hb-ot-shape-complex-arabic.cc">
      <Filter>Source</Filter>
    </ClCompile>
    <ClCompile Include="..\src\hb-ot-shape-complex-default.cc">
      <Filter>Source</Filter>
    </ClCompile>
    <ClCompile Include="..\src\hb-ot-shape-complex-indic.cc">
      <Filter>Source</Filter>
    </ClCompile>
    <ClCompile Include="..\src\hb-ot-shape-complex-indic-table.cc">
      <Filter>Source</Filter>
    </ClCompile>
    <ClCompile Include="..\src\hb-ot-shape-complex-myanmar.cc">
      <Filter>Source</Filter>
    </ClCompile>
    <ClCompile Include="..\src\hb-ot-shape-complex-sea.cc">
      <Filter>Source</Filter>
    </ClCompile>
    <ClCompile Include="..\src\hb-ot-shape-complex-thai.cc">
      <Filter>Source</Filter>
    </ClCompile>
    <ClCompile Include="..\src\hb-ot-shape-fallback.cc">
      <Filter>Source</Filter>
    </ClCompile>
    <ClCompile Include="..\src\hb-ot-shape-normalize.cc">
      <Filter>Source</Filter>
    </ClCompile>
    <ClCompile Include="..\src\hb-ot-tag.cc">
      <Filter>Source</Filter>
    </ClCompile>
    <ClCompile Include="..\src\hb-set.cc">
      <Filter>Source</Filter>
    </ClCompile>
    <ClCompile Include="..\src\hb-shape.cc">
      <Filter>Source</Filter>
    </ClCompile>
    <ClCompile Include="..\src\hb-shape-plan.cc">
      <Filter>Source</Filter>
    </ClCompile>
    <ClCompile Include="..\src\hb-shaper.cc">
      <Filter>Source</Filter>
    </ClCompile>
    <ClCompile Include="..\src\hb-tt-font.cc">
      <Filter>Source</Filter>
    </ClCompile>
    <ClCompile Include="..\src\hb-unicode.cc">
      <Filter>Source</Filter>
    </ClCompile>
    <ClCompile Include="..\src\hb-uniscribe.cc">
      <Filter>Source</Filter>
    </ClCompile>
    <ClCompile Include="..\src\hb-warning.cc">
      <Filter>Source</Filter>
    </ClCompile>
  </ItemGroup>
</Project>