<?xml version="1.0" encoding="utf-8"?>
<Project ToolsVersion="4.0" xmlns="http://schemas.microsoft.com/developer/msbuild/2003">
  <ItemGroup>
    <Filter Include="Source Files">
      <UniqueIdentifier>{4FC737F1-C7A5-4376-A066-2A32D752A2FF}</UniqueIdentifier>
      <Extensions>cpp;c;cxx;def;odl;idl;hpj;bat;asm;asmx</Extensions>
    </Filter>
    <Filter Include="Header Files">
      <UniqueIdentifier>{93995380-89BD-4b04-88EB-625FBE52EBFB}</UniqueIdentifier>
      <Extensions>h;hpp;hxx;hm;inl;inc;xsd</Extensions>
    </Filter>
    <Filter Include="Resource Files">
      <UniqueIdentifier>{67DA6AB6-F800-4c08-8B7A-83BB121AAD01}</UniqueIdentifier>
      <Extensions>rc;ico;cur;bmp;dlg;rc2;rct;bin;rgs;gif;jpg;jpeg;jpe;resx</Extensions>
    </Filter>
  </ItemGroup>
  <ItemGroup>
    <ClCompile Include="..\gdk\gdkmm\applaunchcontext.cc">
      <Filter>Source Files</Filter>
    </ClCompile>
    <ClCompile Include="..\gdk\gdkmm\color.cc">
      <Filter>Source Files</Filter>
    </ClCompile>
    <ClCompile Include="..\gdk\gdkmm\cursor.cc">
      <Filter>Source Files</Filter>
    </ClCompile>
    <ClCompile Include="..\gdk\gdkmm\device.cc">
      <Filter>Source Files</Filter>
    </ClCompile>
    <ClCompile Include="..\gdk\gdkmm\devicemanager.cc">
      <Filter>Source Files</Filter>
    </ClCompile>
    <ClCompile Include="..\gdk\gdkmm\display.cc">
      <Filter>Source Files</Filter>
    </ClCompile>
    <ClCompile Include="..\gdk\gdkmm\displaymanager.cc">
      <Filter>Source Files</Filter>
    </ClCompile>
    <ClCompile Include="..\gdk\gdkmm\dragcontext.cc">
      <Filter>Source Files</Filter>
    </ClCompile>
    <ClCompile Include="..\gdk\gdkmm\drawingcontext.cc">
      <Filter>Source Files</Filter>
    </ClCompile>
    <ClCompile Include="..\gdk\gdkmm\event.cc">
      <Filter>Source Files</Filter>
    </ClCompile>
    <ClCompile Include="..\gdk\gdkmm\general.cc">
      <Filter>Source Files</Filter>
    </ClCompile>
    <ClCompile Include="..\gdk\gdkmm\glcontext.cc">
      <Filter>Source Files</Filter>
    </ClCompile>
    <ClCompile Include="..\gdk\gdkmm\monitor.cc">
      <Filter>Source Files</Filter>
    </ClCompile>
    <ClCompile Include="..\gdk\gdkmm\pixbuf.cc">
      <Filter>Source Files</Filter>
    </ClCompile>
    <ClCompile Include="..\gdk\gdkmm\pixbufanimation.cc">
      <Filter>Source Files</Filter>
    </ClCompile>
    <ClCompile Include="..\gdk\gdkmm\pixbufanimationiter.cc">
      <Filter>Source Files</Filter>
    </ClCompile>
    <ClCompile Include="..\gdk\gdkmm\pixbufformat.cc">
      <Filter>Source Files</Filter>
    </ClCompile>
    <ClCompile Include="..\gdk\gdkmm\pixbufloader.cc">
      <Filter>Source Files</Filter>
    </ClCompile>
    <ClCompile Include="..\gdk\gdkmm\rectangle.cc">
      <Filter>Source Files</Filter>
    </ClCompile>
    <ClCompile Include="..\gdk\gdkmm\rgba.cc">
      <Filter>Source Files</Filter>
    </ClCompile>
    <ClCompile Include="..\gdk\gdkmm\seat.cc">
      <Filter>Source Files</Filter>
    </ClCompile>
    <ClCompile Include="..\gdk\gdkmm\screen.cc">
      <Filter>Source Files</Filter>
    </ClCompile>
    <ClCompile Include="..\gdk\gdkmm\timecoord.cc">
      <Filter>Source Files</Filter>
    </ClCompile>
    <ClCompile Include="..\gdk\gdkmm\types.cc">
      <Filter>Source Files</Filter>
    </ClCompile>
    <ClCompile Include="..\gdk\gdkmm\visual.cc">
      <Filter>Source Files</Filter>
    </ClCompile>
    <ClCompile Include="..\gdk\gdkmm\window.cc">
      <Filter>Source Files</Filter>
    </ClCompile>
    <ClCompile Include="..\gdk\gdkmm\wrap_init.cc">
      <Filter>Source Files</Filter>
    </ClCompile>
  </ItemGroup>
  <ItemGroup>
    <ClInclude Include="..\gdk\gdkmm\applaunchcontext.h">
      <Filter>Header Files</Filter>
    </ClInclude>
    <ClInclude Include="..\gdk\gdkmm\color.h">
      <Filter>Header Files</Filter>
    </ClInclude>
    <ClInclude Include="..\gdk\gdkmm\colormap.h">
      <Filter>Header Files</Filter>
    </ClInclude>
    <ClInclude Include="..\gdk\gdkmm\cursor.h">
      <Filter>Header Files</Filter>
    </ClInclude>
    <ClInclude Include="..\gdk\gdkmm\device.h">
      <Filter>Header Files</Filter>
    </ClInclude>
    <ClInclude Include="..\gdk\gdkmm\devicemanager.h">
      <Filter>Header Files</Filter>
    </ClInclude>
    <ClInclude Include="..\gdk\gdkmm\display.h">
      <Filter>Header Files</Filter>
    </ClInclude>
    <ClInclude Include="..\gdk\gdkmm\displaymanager.h">
      <Filter>Header Files</Filter>
    </ClInclude>
    <ClInclude Include="..\gdk\gdkmm\dragcontext.h">
      <Filter>Header Files</Filter>
    </ClInclude>
    <ClInclude Include="..\gdk\gdkmm\drawingcontext.h">
      <Filter>Header Files</Filter>
    </ClInclude>
    <ClInclude Include="..\gdk\gdkmm\event.h">
      <Filter>Header Files</Filter>
    </ClInclude>
    <ClInclude Include="..\gdk\gdkmm\general.h">
      <Filter>Header Files</Filter>
    </ClInclude>
    <ClInclude Include="..\gdk\gdkmm\glcontext.h">
      <Filter>Header Files</Filter>
    </ClInclude>
    <ClInclude Include="..\gdk\gdkmm\list.h">
      <Filter>Header Files</Filter>
    </ClInclude>
    <ClInclude Include="..\gdk\gdkmm\monitor.h">
      <Filter>Header Files</Filter>
    </ClInclude>
    <ClInclude Include="..\gdk\gdkmm\pixbuf.h">
      <Filter>Header Files</Filter>
    </ClInclude>
    <ClInclude Include="..\gdk\gdkmm\pixbufanimation.h">
      <Filter>Header Files</Filter>
    </ClInclude>
    <ClInclude Include="..\gdk\gdkmm\pixbufanimationiter.h">
      <Filter>Header Files</Filter>
    </ClInclude>
    <ClInclude Include="..\gdk\gdkmm\pixbufformat.h">
      <Filter>Header Files</Filter>
    </ClInclude>
    <ClInclude Include="..\gdk\gdkmm\pixbufloader.h">
      <Filter>Header Files</Filter>
    </ClInclude>
    <ClInclude Include="..\gdk\gdkmm\rectangle.h">
      <Filter>Header Files</Filter>
    </ClInclude>
    <ClInclude Include="..\gdk\gdkmm\region.h">
      <Filter>Header Files</Filter>
    </ClInclude>
    <ClInclude Include="..\gdk\gdkmm\rgba.h">
      <Filter>Header Files</Filter>
    </ClInclude>
    <ClInclude Include="..\gdk\gdkmm\seat.h">
      <Filter>Header Files</Filter>
    </ClInclude>
    <ClInclude Include="..\gdk\gdkmm\screen.h">
      <Filter>Header Files</Filter>
    </ClInclude>
    <ClInclude Include="..\gdk\gdkmm\timecoord.h">
      <Filter>Header Files</Filter>
    </ClInclude>
    <ClInclude Include="..\gdk\gdkmm\types.h">
      <Filter>Header Files</Filter>
    </ClInclude>
    <ClInclude Include="..\gdk\gdkmm\visual.h">
      <Filter>Header Files</Filter>
    </ClInclude>
    <ClInclude Include="..\gdk\gdkmm\window.h">
      <Filter>Header Files</Filter>
    </ClInclude>
    <ClInclude Include="..\gdk\gdkmm\wrap_init.h">
      <Filter>Header Files</Filter>
    </ClInclude>
  </ItemGroup>
  <ItemGroup>
    <ResourceCompile Include=".\gdkmm\gdkmm.rc">
      <Filter>Resource Files</Filter>
    </ResourceCompile>
  </ItemGroup>
</Project>